Microsoft Visual Studio Solution File, Format Version 12.00
# Visual Studio Version 17
VisualStudioVersion = 17.5.2.0
MinimumVisualStudioVersion = 10.0.40219.1
Project("{FAE04EC0-301F-11D3-BF4B-00C04F79EFBC}") = "ImageCropper.API", "ImageCropper.API.csproj", "{42A34629-F7D9-A0F8-882C-55E66A81E032}"
EndProject
Global
	GlobalSection(SolutionConfigurationPlatforms) = preSolution
		Debug|Any CPU = Debug|Any CPU
		Release|Any CPU = Release|Any CPU
	EndGlobalSection
	GlobalSection(ProjectConfigurationPlatforms) = postSolution
		{42A34629-F7D9-A0F8-882C-55E66A81E032}.Debug|Any CPU.ActiveCfg = Debug|Any CPU
		{42A34629-F7D9-A0F8-882C-55E66A81E032}.Debug|Any CPU.Build.0 = Debug|Any CPU
		{42A34629-F7D9-A0F8-882C-55E66A81E032}.Release|Any CPU.ActiveCfg = Release|Any CPU
		{42A34629-F7D9-A0F8-882C-55E66A81E032}.Release|Any CPU.Build.0 = Release|Any CPU
	EndGlobalSection
	GlobalSection(SolutionProperties) = preSolution
		HideSolutionNode = FALSE
	EndGlobalSection
	GlobalSection(ExtensibilityGlobals) = postSolution
		SolutionGuid = {7B31C787-98FE-4F55-91EB-A7F8113B41A3}
	EndGlobalSection
EndGlobal
